
Microsoft Visual Studio Solution File, Format Version 12.00
# Visual Studio 14
VisualStudioVersion = 14.0.24720.0
MinimumVisualStudioVersion = 10.0.40219.1
Project("{FAE04EC0-301F-11D3-BF4B-00C04F79EFBC}") = "ExcelsiorConsole", "ExcelsiorConsole.csproj", "{D62CE2BD-C83C-4499-8B02-FC844E4C8946}"
EndProject
Global
	GlobalSection(SolutionConfigurationPlatforms) = preSolution
		Debug|Any CPU = Debug|Any CPU
		Release|Any CPU = Release|Any CPU
	EndGlobalSection
	GlobalSection(ProjectConfigurationPlatforms) = postSolution
		{D62CE2BD-C83C-4499-8B02-FC844E4C8946}.Debug|Any CPU.ActiveCfg = Debug|Any CPU
		{D62CE2BD-C83C-4499-8B02-FC844E4C8946}.Debug|Any CPU.Build.0 = Debug|Any CPU
		{D62CE2BD-C83C-4499-8B02-FC844E4C8946}.Release|Any CPU.ActiveCfg = Release|Any CPU
		{D62CE2BD-C83C-4499-8B02-FC844E4C8946}.Release|Any CPU.Build.0 = Release|Any CPU
	EndGlobalSection
	GlobalSection(SolutionProperties) = preSolution
		HideSolutionNode = FALSE
	EndGlobalSection
EndGlobal
